
Microsoft Visual Studio Solution File, Format Version 12.00
# Visual Studio Version 17
VisualStudioVersion = 17.4.33213.308
MinimumVisualStudioVersion = 10.0.40219.1
Project("{FAE04EC0-301F-11D3-BF4B-00C04F79EFBC}") = "WindowsFormsApp1", "WindowsFormsApp1\WindowsFormsApp1.csproj", "{131D686D-323D-4BBC-8586-4C40A2406527}"
EndProject
Global
	GlobalSection(SolutionConfigurationPlatforms) = preSolution
		Debug|Any CPU = Debug|Any CPU
		Release|Any CPU = Release|Any CPU
	EndGlobalSection
	GlobalSection(ProjectConfigurationPlatforms) = postSolution
		{131D686D-323D-4BBC-8586-4C40A2406527}.Debug|Any CPU.ActiveCfg = Debug|Any CPU
		{131D686D-323D-4BBC-8586-4C40A2406527}.Debug|Any CPU.Build.0 = Debug|Any CPU
		{131D686D-323D-4BBC-8586-4C40A2406527}.Release|Any CPU.ActiveCfg = Release|Any CPU
		{131D686D-323D-4BBC-8586-4C40A2406527}.Release|Any CPU.Build.0 = Release|Any CPU
	EndGlobalSection
	GlobalSection(SolutionProperties) = preSolution
		HideSolutionNode = FALSE
	EndGlobalSection
	GlobalSection(ExtensibilityGlobals) = postSolution
		SolutionGuid = {393427EA-FE99-4577-A321-DFC881EE679F}
	EndGlobalSection
EndGlobal
